
Microsoft Visual Studio Solution File, Format Version 12.00
# Visual Studio Version 16
VisualStudioVersion = 16.0.32602.291
MinimumVisualStudioVersion = 10.0.40219.1
Project("{FAE04EC0-301F-11D3-BF4B-00C04F79EFBC}") = "WPFMVVMnameExam", "WPFMVVMnameExam\WPFMVVMnameExam.csproj", "{B54A08DC-545C-4CFC-9D8E-D8984049E1D9}"
EndProject
Global
	GlobalSection(SolutionConfigurationPlatforms) = preSolution
		Debug|Any CPU = Debug|Any CPU
		Release|Any CPU = Release|Any CPU
	EndGlobalSection
	GlobalSection(ProjectConfigurationPlatforms) = postSolution
		{B54A08DC-545C-4CFC-9D8E-D8984049E1D9}.Debug|Any CPU.ActiveCfg = Debug|Any CPU
		{B54A08DC-545C-4CFC-9D8E-D8984049E1D9}.Debug|Any CPU.Build.0 = Debug|Any CPU
		{B54A08DC-545C-4CFC-9D8E-D8984049E1D9}.Release|Any CPU.ActiveCfg = Release|Any CPU
		{B54A08DC-545C-4CFC-9D8E-D8984049E1D9}.Release|Any CPU.Build.0 = Release|Any CPU
	EndGlobalSection
	GlobalSection(SolutionProperties) = preSolution
		HideSolutionNode = FALSE
	EndGlobalSection
	GlobalSection(ExtensibilityGlobals) = postSolution
		SolutionGuid = {86334379-4EDC-4784-A7AB-927FFD8F07F9}
	EndGlobalSection
EndGlobal
